{
  "name": "solarsupportfrontend",
  "version": "1.0.0",
  "lockfileVersion": 1,
  "requires": true,
  "dependencies": {
    "@babel/helper-plugin-utils": {
      "version": "7.0.0",
      "resolved": "http://engci-maven.cisco.com/artifactory/api/npm/apic-em-npm-group/@babel/helper-plugin-utils/-/helper-plugin-utils-7.0.0.tgz",
      "integrity": "sha1-u7P77phmHFaQNCN8wDlnupm08lA=",
      "dev": true
    },
    "@babel/plugin-proposal-dynamic-import": {
      "version": "7.7.0",
      "resolved": "http://engci-maven.cisco.com/artifactory/api/npm/apic-em-npm-group/@babel/plugin-proposal-dynamic-import/-/plugin-proposal-dynamic-import-7.7.0.tgz",
      "integrity": "sha1-3AKoutjWU/tZ2vCFUW+kFu3Sqn8=",
      "dev": true,
      "requires": {
        "@babel/helper-plugin-utils": "^7.0.0",
        "@babel/plugin-syntax-dynamic-import": "^7.2.0"
      }
    },
    "@babel/plugin-syntax-dynamic-import": {
      "version": "7.2.0",
      "resolved": "http://engci-maven.cisco.com/artifactory/api/npm/apic-em-npm-group/@babel/plugin-syntax-dynamic-import/-/plugin-syntax-dynamic-import-7.2.0.tgz",
      "integrity": "sha1-acFZ/69JmBIhYa2OvF5tH1XfhhI=",
      "dev": true,
      "requires": {
        "@babel/helper-plugin-utils": "^7.0.0"
      }
    }
  }
}
